
Microsoft Visual Studio Solution File, Format Version 12.00
# Visual Studio 14
VisualStudioVersion = 14.0.25420.1
MinimumVisualStudioVersion = 10.0.40219.1
Project("{FAE04EC0-301F-11D3-BF4B-00C04F79EFBC}") = "UseCasePointsCalculator", "UseCasePointsCalculator\UseCasePointsCalculator.csproj", "{DD8DFBBA-A7E9-4C2B-BEBA-CFA0CB4FD69E}"
EndProject
Project("{FAE04EC0-301F-11D3-BF4B-00C04F79EFBC}") = "UseCasePointsCalculator.BusinessLogic", "UseCasePointsCalculator.BusinessLogic\UseCasePointsCalculator.BusinessLogic.csproj", "{EEEA161F-5214-4E4A-B68E-3999BF5DEFA0}"
EndProject
Global
	GlobalSection(SolutionConfigurationPlatforms) = preSolution
		Debug|Any CPU = Debug|Any CPU
		Release|Any CPU = Release|Any CPU
	EndGlobalSection
	GlobalSection(ProjectConfigurationPlatforms) = postSolution
		{DD8DFBBA-A7E9-4C2B-BEBA-CFA0CB4FD69E}.Debug|Any CPU.ActiveCfg = Debug|Any CPU
		{DD8DFBBA-A7E9-4C2B-BEBA-CFA0CB4FD69E}.Debug|Any CPU.Build.0 = Debug|Any CPU
		{DD8DFBBA-A7E9-4C2B-BEBA-CFA0CB4FD69E}.Release|Any CPU.ActiveCfg = Release|Any CPU
		{DD8DFBBA-A7E9-4C2B-BEBA-CFA0CB4FD69E}.Release|Any CPU.Build.0 = Release|Any CPU
		{EEEA161F-5214-4E4A-B68E-3999BF5DEFA0}.Debug|Any CPU.ActiveCfg = Debug|Any CPU
		{EEEA161F-5214-4E4A-B68E-3999BF5DEFA0}.Debug|Any CPU.Build.0 = Debug|Any CPU
		{EEEA161F-5214-4E4A-B68E-3999BF5DEFA0}.Release|Any CPU.ActiveCfg = Release|Any CPU
		{EEEA161F-5214-4E4A-B68E-3999BF5DEFA0}.Release|Any CPU.Build.0 = Release|Any CPU
	EndGlobalSection
	GlobalSection(SolutionProperties) = preSolution
		HideSolutionNode = FALSE
	EndGlobalSection
EndGlobal
